
Microsoft Visual Studio Solution File, Format Version 12.00
# Visual Studio Version 17
VisualStudioVersion = 17.7.34031.279
MinimumVisualStudioVersion = 10.0.40219.1
Project("{FAE04EC0-301F-11D3-BF4B-00C04F79EFBC}") = "DataChangeTracker", "DataChangeTracker.csproj", "{6E10EC83-79BB-4A03-80FC-4A1F7B876A79}"
EndProject
Global
	GlobalSection(SolutionConfigurationPlatforms) = preSolution
		Debug|Any CPU = Debug|Any CPU
		Release|Any CPU = Release|Any CPU
	EndGlobalSection
	GlobalSection(ProjectConfigurationPlatforms) = postSolution
		{6E10EC83-79BB-4A03-80FC-4A1F7B876A79}.Debug|Any CPU.ActiveCfg = Debug|Any CPU
		{6E10EC83-79BB-4A03-80FC-4A1F7B876A79}.Debug|Any CPU.Build.0 = Debug|Any CPU
		{6E10EC83-79BB-4A03-80FC-4A1F7B876A79}.Release|Any CPU.ActiveCfg = Release|Any CPU
		{6E10EC83-79BB-4A03-80FC-4A1F7B876A79}.Release|Any CPU.Build.0 = Release|Any CPU
	EndGlobalSection
	GlobalSection(SolutionProperties) = preSolution
		HideSolutionNode = FALSE
	EndGlobalSection
	GlobalSection(ExtensibilityGlobals) = postSolution
		SolutionGuid = {BB2192E5-614C-4068-ADF3-EB535D3A6E74}
	EndGlobalSection
EndGlobal
